
Microsoft Visual Studio Solution File, Format Version 12.00
# Visual Studio Version 17
VisualStudioVersion = 17.0.31903.59
MinimumVisualStudioVersion = 10.0.40219.1
Project("{FAE04EC0-301F-11D3-BF4B-00C04F79EFBC}") = "API", "API\API.csproj", "{AF62391A-09D4-4D70-9C54-9895FC4B2521}"
EndProject
Project("{FAE04EC0-301F-11D3-BF4B-00C04F79EFBC}") = "Application", "Application\Application.csproj", "{6D931C9D-11E1-46CE-82DE-4C5C4FFB3A9A}"
EndProject
Project("{FAE04EC0-301F-11D3-BF4B-00C04F79EFBC}") = "Persistence", "Persistence\Persistence.csproj", "{06925298-8CAA-42F6-8C1D-6CCA5ED322B0}"
EndProject
Project("{FAE04EC0-301F-11D3-BF4B-00C04F79EFBC}") = "Domain", "Domain\Domain.csproj", "{0238CF69-6218-49D8-894F-61C4717BF197}"
EndProject
Global
	GlobalSection(SolutionConfigurationPlatforms) = preSolution
		Debug|Any CPU = Debug|Any CPU
		Release|Any CPU = Release|Any CPU
	EndGlobalSection
	GlobalSection(SolutionProperties) = preSolution
		HideSolutionNode = FALSE
	EndGlobalSection
	GlobalSection(ProjectConfigurationPlatforms) = postSolution
		{AF62391A-09D4-4D70-9C54-9895FC4B2521}.Debug|Any CPU.ActiveCfg = Debug|Any CPU
		{AF62391A-09D4-4D70-9C54-9895FC4B2521}.Debug|Any CPU.Build.0 = Debug|Any CPU
		{AF62391A-09D4-4D70-9C54-9895FC4B2521}.Release|Any CPU.ActiveCfg = Release|Any CPU
		{AF62391A-09D4-4D70-9C54-9895FC4B2521}.Release|Any CPU.Build.0 = Release|Any CPU
		{6D931C9D-11E1-46CE-82DE-4C5C4FFB3A9A}.Debug|Any CPU.ActiveCfg = Debug|Any CPU
		{6D931C9D-11E1-46CE-82DE-4C5C4FFB3A9A}.Debug|Any CPU.Build.0 = Debug|Any CPU
		{6D931C9D-11E1-46CE-82DE-4C5C4FFB3A9A}.Release|Any CPU.ActiveCfg = Release|Any CPU
		{6D931C9D-11E1-46CE-82DE-4C5C4FFB3A9A}.Release|Any CPU.Build.0 = Release|Any CPU
		{06925298-8CAA-42F6-8C1D-6CCA5ED322B0}.Debug|Any CPU.ActiveCfg = Debug|Any CPU
		{06925298-8CAA-42F6-8C1D-6CCA5ED322B0}.Debug|Any CPU.Build.0 = Debug|Any CPU
		{06925298-8CAA-42F6-8C1D-6CCA5ED322B0}.Release|Any CPU.ActiveCfg = Release|Any CPU
		{06925298-8CAA-42F6-8C1D-6CCA5ED322B0}.Release|Any CPU.Build.0 = Release|Any CPU
		{0238CF69-6218-49D8-894F-61C4717BF197}.Debug|Any CPU.ActiveCfg = Debug|Any CPU
		{0238CF69-6218-49D8-894F-61C4717BF197}.Debug|Any CPU.Build.0 = Debug|Any CPU
		{0238CF69-6218-49D8-894F-61C4717BF197}.Release|Any CPU.ActiveCfg = Release|Any CPU
		{0238CF69-6218-49D8-894F-61C4717BF197}.Release|Any CPU.Build.0 = Release|Any CPU
	EndGlobalSection
EndGlobal
